
Microsoft Visual Studio Solution File, Format Version 12.00
# Visual Studio Version 16
VisualStudioVersion = 16.0.29306.81
MinimumVisualStudioVersion = 10.0.40219.1
Project("{9A19103F-16F7-4668-BE54-9A1E7A4F7556}") = "HavaDurumu.Api", "HavaDurumu.Api\HavaDurumu.Api.csproj", "{C2C2CE92-D846-408B-8EDA-F2205CE596E8}"
EndProject
Project("{FAE04EC0-301F-11D3-BF4B-00C04F79EFBC}") = "Client", "Client\Client.csproj", "{E2DB0B13-2F37-48A0-BDA0-434689041646}"
EndProject
Global
	GlobalSection(SolutionConfigurationPlatforms) = preSolution
		Debug|Any CPU = Debug|Any CPU
		Release|Any CPU = Release|Any CPU
	EndGlobalSection
	GlobalSection(ProjectConfigurationPlatforms) = postSolution
		{C2C2CE92-D846-408B-8EDA-F2205CE596E8}.Debug|Any CPU.ActiveCfg = Debug|Any CPU
		{C2C2CE92-D846-408B-8EDA-F2205CE596E8}.Debug|Any CPU.Build.0 = Debug|Any CPU
		{C2C2CE92-D846-408B-8EDA-F2205CE596E8}.Release|Any CPU.ActiveCfg = Release|Any CPU
		{C2C2CE92-D846-408B-8EDA-F2205CE596E8}.Release|Any CPU.Build.0 = Release|Any CPU
		{E2DB0B13-2F37-48A0-BDA0-434689041646}.Debug|Any CPU.ActiveCfg = Debug|Any CPU
		{E2DB0B13-2F37-48A0-BDA0-434689041646}.Debug|Any CPU.Build.0 = Debug|Any CPU
		{E2DB0B13-2F37-48A0-BDA0-434689041646}.Release|Any CPU.ActiveCfg = Release|Any CPU
		{E2DB0B13-2F37-48A0-BDA0-434689041646}.Release|Any CPU.Build.0 = Release|Any CPU
	EndGlobalSection
	GlobalSection(SolutionProperties) = preSolution
		HideSolutionNode = FALSE
	EndGlobalSection
	GlobalSection(ExtensibilityGlobals) = postSolution
		SolutionGuid = {ECD5E843-6744-4F7D-8CAD-D356327DFC17}
	EndGlobalSection
EndGlobal
